
Microsoft Visual Studio Solution File, Format Version 12.00
# Visual Studio Version 16
VisualStudioVersion = 16.0.31613.86
MinimumVisualStudioVersion = 10.0.40219.1
Project("{FAE04EC0-301F-11D3-BF4B-00C04F79EFBC}") = "CodeFirstProject", "CodeFirstProject\CodeFirstProject.csproj", "{AA1C8F39-F9A1-47A2-A59B-3324A8051072}"
EndProject
Global
	GlobalSection(SolutionConfigurationPlatforms) = preSolution
		Debug|Any CPU = Debug|Any CPU
		Release|Any CPU = Release|Any CPU
	EndGlobalSection
	GlobalSection(ProjectConfigurationPlatforms) = postSolution
		{AA1C8F39-F9A1-47A2-A59B-3324A8051072}.Debug|Any CPU.ActiveCfg = Debug|Any CPU
		{AA1C8F39-F9A1-47A2-A59B-3324A8051072}.Debug|Any CPU.Build.0 = Debug|Any CPU
		{AA1C8F39-F9A1-47A2-A59B-3324A8051072}.Release|Any CPU.ActiveCfg = Release|Any CPU
		{AA1C8F39-F9A1-47A2-A59B-3324A8051072}.Release|Any CPU.Build.0 = Release|Any CPU
	EndGlobalSection
	GlobalSection(SolutionProperties) = preSolution
		HideSolutionNode = FALSE
	EndGlobalSection
	GlobalSection(ExtensibilityGlobals) = postSolution
		SolutionGuid = {EF9578CD-444C-48A4-B364-E9C0B3215020}
	EndGlobalSection
EndGlobal
